
Microsoft Visual Studio Solution File, Format Version 12.00
# Visual Studio Version 17
VisualStudioVersion = 17.5.33530.505
MinimumVisualStudioVersion = 10.0.40219.1
Project("{FAE04EC0-301F-11D3-BF4B-00C04F79EFBC}") = "HelloWorld", "HelloWorld\HelloWorld.csproj", "{D41BB677-996C-4458-A2C2-FF189A8C863D}"
EndProject
Global
	GlobalSection(SolutionConfigurationPlatforms) = preSolution
		Debug|Any CPU = Debug|Any CPU
		Release|Any CPU = Release|Any CPU
	EndGlobalSection
	GlobalSection(ProjectConfigurationPlatforms) = postSolution
		{D41BB677-996C-4458-A2C2-FF189A8C863D}.Debug|Any CPU.ActiveCfg = Debug|Any CPU
		{D41BB677-996C-4458-A2C2-FF189A8C863D}.Debug|Any CPU.Build.0 = Debug|Any CPU
		{D41BB677-996C-4458-A2C2-FF189A8C863D}.Release|Any CPU.ActiveCfg = Release|Any CPU
		{D41BB677-996C-4458-A2C2-FF189A8C863D}.Release|Any CPU.Build.0 = Release|Any CPU
	EndGlobalSection
	GlobalSection(SolutionProperties) = preSolution
		HideSolutionNode = FALSE
	EndGlobalSection
	GlobalSection(ExtensibilityGlobals) = postSolution
		SolutionGuid = {174ADA7B-FD4F-46BD-BD7D-5BE60B1CB57B}
	EndGlobalSection
EndGlobal
